
Microsoft Visual Studio Solution File, Format Version 12.00
# Visual Studio Version 17
VisualStudioVersion = 17.2.32630.192
MinimumVisualStudioVersion = 10.0.40219.1
Project("{2150E333-8FDC-42A3-9474-1A3956D46DE8}") = "FrontEnd", "FrontEnd", "{5E58FD9F-A230-4864-A7E2-9528D8A775FB}"
EndProject
Project("{2150E333-8FDC-42A3-9474-1A3956D46DE8}") = "Services", "Services", "{40D9B8D7-99CC-42AD-AFEC-C1BEBB340CAF}"
EndProject
Project("{9A19103F-16F7-4668-BE54-9A1E7A4F7556}") = "GeekShopping.Web", "GeekShopping.Web\GeekShopping.Web.csproj", "{F1B30AF1-877E-4E0C-BC9E-3A99DED86F9B}"
EndProject
Project("{9A19103F-16F7-4668-BE54-9A1E7A4F7556}") = "GeekShopping.ProductAPI", "GeekShopping.ProductAPI\GeekShopping.ProductAPI.csproj", "{9951A32C-7E5E-4F59-B7AD-246FB83F058F}"
EndProject
Project("{9A19103F-16F7-4668-BE54-9A1E7A4F7556}") = "GeekShopping.IdentityServer", "GeekShopping.IdentityServer\GeekShopping.IdentityServer.csproj", "{72C03A69-6153-4D6A-AF53-2879EEF178C2}"
EndProject
Project("{9A19103F-16F7-4668-BE54-9A1E7A4F7556}") = "GeekShopping.CartAPI", "GeekShopping.CartAPI\GeekShopping.CartAPI.csproj", "{BCB0A143-1F6D-4107-A15F-C61C5CCC448A}"
EndProject
Project("{9A19103F-16F7-4668-BE54-9A1E7A4F7556}") = "GeekShopping.CouponAPI", "GeekShopping.CouponAPI\GeekShopping.CouponAPI.csproj", "{1FF9C76C-3A3C-4568-A5D2-95E57CCAFBDE}"
EndProject
Project("{2150E333-8FDC-42A3-9474-1A3956D46DE8}") = "Integration", "Integration", "{3A746604-CA4B-4865-B425-8E122E259625}"
EndProject
Project("{9A19103F-16F7-4668-BE54-9A1E7A4F7556}") = "GeekShopping.MessageBus", "GeekShopping.MessageBus\GeekShopping.MessageBus.csproj", "{757498C6-9E51-4318-9B52-F1B290721A33}"
EndProject
Project("{9A19103F-16F7-4668-BE54-9A1E7A4F7556}") = "GeekShopping.OrderAPI", "GeekShopping.OrderAPI\GeekShopping.OrderAPI.csproj", "{9AA27AC0-9CDA-4017-B239-C8F35DCDB6BD}"
EndProject
Project("{2150E333-8FDC-42A3-9474-1A3956D46DE8}") = "Payments", "Payments", "{05198553-7DFF-4447-AA51-AD80DFF6DFC1}"
EndProject
Project("{FAE04EC0-301F-11D3-BF4B-00C04F79EFBC}") = "GeekShopping.PaymentProcessor", "GeekShopping.PaymentProcessor\GeekShopping.PaymentProcessor.csproj", "{81DA59F2-59B9-4BFC-A6F9-DE0EE7081C28}"
EndProject
Project("{FAE04EC0-301F-11D3-BF4B-00C04F79EFBC}") = "GeekShopping.PaymentAPI", "GeekShopping.PaymentAPI\GeekShopping.PaymentAPI.csproj", "{5E4288CF-ED5C-4FA2-9E8C-13012D98EEC8}"
EndProject
Project("{FAE04EC0-301F-11D3-BF4B-00C04F79EFBC}") = "GeekShopping.Email", "GeekShopping.Email\GeekShopping.Email.csproj", "{98FD830A-6147-4E37-92A7-2B083C7BBD29}"
EndProject
Project("{2150E333-8FDC-42A3-9474-1A3956D46DE8}") = "Gateway", "Gateway", "{37B95B70-A7C2-4810-9E70-21077A4BC8D9}"
EndProject
Project("{FAE04EC0-301F-11D3-BF4B-00C04F79EFBC}") = "GeekShopping.APIGateway", "GeekShopping.APIGateway\GeekShopping.APIGateway.csproj", "{B260EDD1-BB03-48B2-9983-47825AF3DB31}"
EndProject
Global
	GlobalSection(SolutionConfigurationPlatforms) = preSolution
		Debug|Any CPU = Debug|Any CPU
		Release|Any CPU = Release|Any CPU
	EndGlobalSection
	GlobalSection(ProjectConfigurationPlatforms) = postSolution
		{F1B30AF1-877E-4E0C-BC9E-3A99DED86F9B}.Debug|Any CPU.ActiveCfg = Debug|Any CPU
		{F1B30AF1-877E-4E0C-BC9E-3A99DED86F9B}.Debug|Any CPU.Build.0 = Debug|Any CPU
		{F1B30AF1-877E-4E0C-BC9E-3A99DED86F9B}.Release|Any CPU.ActiveCfg = Release|Any CPU
		{F1B30AF1-877E-4E0C-BC9E-3A99DED86F9B}.Release|Any CPU.Build.0 = Release|Any CPU
		{9951A32C-7E5E-4F59-B7AD-246FB83F058F}.Debug|Any CPU.ActiveCfg = Debug|Any CPU
		{9951A32C-7E5E-4F59-B7AD-246FB83F058F}.Debug|Any CPU.Build.0 = Debug|Any CPU
		{9951A32C-7E5E-4F59-B7AD-246FB83F058F}.Release|Any CPU.ActiveCfg = Release|Any CPU
		{9951A32C-7E5E-4F59-B7AD-246FB83F058F}.Release|Any CPU.Build.0 = Release|Any CPU
		{72C03A69-6153-4D6A-AF53-2879EEF178C2}.Debug|Any CPU.ActiveCfg = Debug|Any CPU
		{72C03A69-6153-4D6A-AF53-2879EEF178C2}.Debug|Any CPU.Build.0 = Debug|Any CPU
		{72C03A69-6153-4D6A-AF53-2879EEF178C2}.Release|Any CPU.ActiveCfg = Release|Any CPU
		{72C03A69-6153-4D6A-AF53-2879EEF178C2}.Release|Any CPU.Build.0 = Release|Any CPU
		{BCB0A143-1F6D-4107-A15F-C61C5CCC448A}.Debug|Any CPU.ActiveCfg = Debug|Any CPU
		{BCB0A143-1F6D-4107-A15F-C61C5CCC448A}.Debug|Any CPU.Build.0 = Debug|Any CPU
		{BCB0A143-1F6D-4107-A15F-C61C5CCC448A}.Release|Any CPU.ActiveCfg = Release|Any CPU
		{BCB0A143-1F6D-4107-A15F-C61C5CCC448A}.Release|Any CPU.Build.0 = Release|Any CPU
		{1FF9C76C-3A3C-4568-A5D2-95E57CCAFBDE}.Debug|Any CPU.ActiveCfg = Debug|Any CPU
		{1FF9C76C-3A3C-4568-A5D2-95E57CCAFBDE}.Debug|Any CPU.Build.0 = Debug|Any CPU
		{1FF9C76C-3A3C-4568-A5D2-95E57CCAFBDE}.Release|Any CPU.ActiveCfg = Release|Any CPU
		{1FF9C76C-3A3C-4568-A5D2-95E57CCAFBDE}.Release|Any CPU.Build.0 = Release|Any CPU
		{757498C6-9E51-4318-9B52-F1B290721A33}.Debug|Any CPU.ActiveCfg = Debug|Any CPU
		{757498C6-9E51-4318-9B52-F1B290721A33}.Debug|Any CPU.Build.0 = Debug|Any CPU
		{757498C6-9E51-4318-9B52-F1B290721A33}.Release|Any CPU.ActiveCfg = Release|Any CPU
		{757498C6-9E51-4318-9B52-F1B290721A33}.Release|Any CPU.Build.0 = Release|Any CPU
		{9AA27AC0-9CDA-4017-B239-C8F35DCDB6BD}.Debug|Any CPU.ActiveCfg = Debug|Any CPU
		{9AA27AC0-9CDA-4017-B239-C8F35DCDB6BD}.Debug|Any CPU.Build.0 = Debug|Any CPU
		{9AA27AC0-9CDA-4017-B239-C8F35DCDB6BD}.Release|Any CPU.ActiveCfg = Release|Any CPU
		{9AA27AC0-9CDA-4017-B239-C8F35DCDB6BD}.Release|Any CPU.Build.0 = Release|Any CPU
		{81DA59F2-59B9-4BFC-A6F9-DE0EE7081C28}.Debug|Any CPU.ActiveCfg = Debug|Any CPU
		{81DA59F2-59B9-4BFC-A6F9-DE0EE7081C28}.Debug|Any CPU.Build.0 = Debug|Any CPU
		{81DA59F2-59B9-4BFC-A6F9-DE0EE7081C28}.Release|Any CPU.ActiveCfg = Release|Any CPU
		{81DA59F2-59B9-4BFC-A6F9-DE0EE7081C28}.Release|Any CPU.Build.0 = Release|Any CPU
		{5E4288CF-ED5C-4FA2-9E8C-13012D98EEC8}.Debug|Any CPU.ActiveCfg = Debug|Any CPU
		{5E4288CF-ED5C-4FA2-9E8C-13012D98EEC8}.Debug|Any CPU.Build.0 = Debug|Any CPU
		{5E4288CF-ED5C-4FA2-9E8C-13012D98EEC8}.Release|Any CPU.ActiveCfg = Release|Any CPU
		{5E4288CF-ED5C-4FA2-9E8C-13012D98EEC8}.Release|Any CPU.Build.0 = Release|Any CPU
		{98FD830A-6147-4E37-92A7-2B083C7BBD29}.Debug|Any CPU.ActiveCfg = Debug|Any CPU
		{98FD830A-6147-4E37-92A7-2B083C7BBD29}.Debug|Any CPU.Build.0 = Debug|Any CPU
		{98FD830A-6147-4E37-92A7-2B083C7BBD29}.Release|Any CPU.ActiveCfg = Release|Any CPU
		{98FD830A-6147-4E37-92A7-2B083C7BBD29}.Release|Any CPU.Build.0 = Release|Any CPU
		{B260EDD1-BB03-48B2-9983-47825AF3DB31}.Debug|Any CPU.ActiveCfg = Debug|Any CPU
		{B260EDD1-BB03-48B2-9983-47825AF3DB31}.Debug|Any CPU.Build.0 = Debug|Any CPU
		{B260EDD1-BB03-48B2-9983-47825AF3DB31}.Release|Any CPU.ActiveCfg = Release|Any CPU
		{B260EDD1-BB03-48B2-9983-47825AF3DB31}.Release|Any CPU.Build.0 = Release|Any CPU
	EndGlobalSection
	GlobalSection(SolutionProperties) = preSolution
		HideSolutionNode = FALSE
	EndGlobalSection
	GlobalSection(NestedProjects) = preSolution
		{F1B30AF1-877E-4E0C-BC9E-3A99DED86F9B} = {5E58FD9F-A230-4864-A7E2-9528D8A775FB}
		{9951A32C-7E5E-4F59-B7AD-246FB83F058F} = {40D9B8D7-99CC-42AD-AFEC-C1BEBB340CAF}
		{72C03A69-6153-4D6A-AF53-2879EEF178C2} = {40D9B8D7-99CC-42AD-AFEC-C1BEBB340CAF}
		{BCB0A143-1F6D-4107-A15F-C61C5CCC448A} = {40D9B8D7-99CC-42AD-AFEC-C1BEBB340CAF}
		{1FF9C76C-3A3C-4568-A5D2-95E57CCAFBDE} = {40D9B8D7-99CC-42AD-AFEC-C1BEBB340CAF}
		{757498C6-9E51-4318-9B52-F1B290721A33} = {3A746604-CA4B-4865-B425-8E122E259625}
		{9AA27AC0-9CDA-4017-B239-C8F35DCDB6BD} = {40D9B8D7-99CC-42AD-AFEC-C1BEBB340CAF}
		{81DA59F2-59B9-4BFC-A6F9-DE0EE7081C28} = {05198553-7DFF-4447-AA51-AD80DFF6DFC1}
		{5E4288CF-ED5C-4FA2-9E8C-13012D98EEC8} = {40D9B8D7-99CC-42AD-AFEC-C1BEBB340CAF}
		{98FD830A-6147-4E37-92A7-2B083C7BBD29} = {40D9B8D7-99CC-42AD-AFEC-C1BEBB340CAF}
		{B260EDD1-BB03-48B2-9983-47825AF3DB31} = {37B95B70-A7C2-4810-9E70-21077A4BC8D9}
	EndGlobalSection
	GlobalSection(ExtensibilityGlobals) = postSolution
		SolutionGuid = {1EF66DE2-C716-4B61-B541-89D16272AAC6}
	EndGlobalSection
EndGlobal
